// !$*UTF8*$!
{
	archiveVersion = 1;
	classes = {
	};
	objectVersion = 55;
	objects = {

/* Begin PBXBuildFile section */
		304E37CA28D0CC78007CD66A /* AppDelegate.swift in Sources */ = {isa = PBXBuildFile; fileRef = 304E37C928D0CC78007CD66A /* AppDelegate.swift */; };
		304E37CC28D0CC78007CD66A /* SceneDelegate.swift in Sources */ = {isa = PBXBuildFile; fileRef = 304E37CB28D0CC78007CD66A /* SceneDelegate.swift */; };
		304E37CE28D0CC78007CD66A /* ViewController.swift in Sources */ = {isa = PBXBuildFile; fileRef = 304E37CD28D0CC78007CD66A /* ViewController.swift */; };
		304E37D128D0CC78007CD66A /* Main.storyboard in Resources */ = {isa = PBXBuildFile; fileRef = 304E37CF28D0CC78007CD66A /* Main.storyboard */; };
		304E37D328D0CC79007CD66A /* Assets.xcassets in Resources */ = {isa = PBXBuildFile; fileRef = 304E37D228D0CC79007CD66A /* Assets.xcassets */; };
		304E37D628D0CC79007CD66A /* LaunchScreen.storyboard in Resources */ = {isa = PBXBuildFile; fileRef = 304E37D428D0CC79007CD66A /* LaunchScreen.storyboard */; };
		307C7F7028D30B9D00DCCC36 /* News.swift in Sources */ = {isa = PBXBuildFile; fileRef = 307C7F6F28D30B9D00DCCC36 /* News.swift */; };
		307C7F7228D30BD000DCCC36 /* Feed.swift in Sources */ = {isa = PBXBuildFile; fileRef = 307C7F7128D30BD000DCCC36 /* Feed.swift */; };
		307C7F7428D30CF000DCCC36 /* Source.swift in Sources */ = {isa = PBXBuildFile; fileRef = 307C7F7328D30CF000DCCC36 /* Source.swift */; };
/* End PBXBuildFile section */

/* Begin PBXFileReference section */
		304E37C628D0CC78007CD66A /* Milestone(Day59).app */ = {isa = PBXFileReference; explicitFileType = wrapper.application; includeInIndex = 0; path = "Milestone(Day59).app"; sourceTree = BUILT_PRODUCTS_DIR; };
		304E37C928D0CC78007CD66A /* AppDelegate.swift */ = {isa = PBXFileReference; lastKnownFileType = sourcecode.swift; path = AppDelegate.swift; sourceTree = "<group>"; };
		304E37CB28D0CC78007CD66A /* SceneDelegate.swift */ = {isa = PBXFileReference; lastKnownFileType = sourcecode.swift; path = SceneDelegate.swift; sourceTree = "<group>"; };
		304E37CD28D0CC78007CD66A /* ViewController.swift */ = {isa = PBXFileReference; lastKnownFileType = sourcecode.swift; path = ViewController.swift; sourceTree = "<group>"; };
		304E37D028D0CC78007CD66A /* Base */ = {isa = PBXFileReference; lastKnownFileType = file.storyboard; name = Base; path = Base.lproj/Main.storyboard; sourceTree = "<group>"; };
		304E37D228D0CC79007CD66A /* Assets.xcassets */ = {isa = PBXFileReference; lastKnownFileType = folder.assetcatalog; path = Assets.xcassets; sourceTree = "<group>"; };
		304E37D528D0CC79007CD66A /* Base */ = {isa = PBXFileReference; lastKnownFileType = file.storyboard; name = Base; path = Base.lproj/LaunchScreen.storyboard; sourceTree = "<group>"; };
		304E37D728D0CC79007CD66A /* Info.plist */ = {isa = PBXFileReference; lastKnownFileType = text.plist.xml; path = Info.plist; sourceTree = "<group>"; };
		307C7F6F28D30B9D00DCCC36 /* News.swift */ = {isa = PBXFileReference; lastKnownFileType = sourcecode.swift; path = News.swift; sourceTree = "<group>"; };
		307C7F7128D30BD000DCCC36 /* Feed.swift */ = {isa = PBXFileReference; lastKnownFileType = sourcecode.swift; path = Feed.swift; sourceTree = "<group>"; };
		307C7F7328D30CF000DCCC36 /* Source.swift */ = {isa = PBXFileReference; lastKnownFileType = sourcecode.swift; path = Source.swift; sourceTree = "<group>"; };
/* End PBXFileReference section */

/* Begin PBXFrameworksBuildPhase section */
		304E37C328D0CC78007CD66A /* Frameworks */ = {
			isa = PBXFrameworksBuildPhase;
			buildActionMask = 2147483647;
			files = (
			);
			runOnlyForDeploymentPostprocessing = 0;
		};
/* End PBXFrameworksBuildPhase section */

/* Begin PBXGroup section */
		304E37BD28D0CC78007CD66A = {
			isa = PBXGroup;
			children = (
				304E37C828D0CC78007CD66A /* Milestone(Day59) */,
				304E37C728D0CC78007CD66A /* Products */,
			);
			sourceTree = "<group>";
		};
		304E37C728D0CC78007CD66A /* Products */ = {
			isa = PBXGroup;
			children = (
				304E37C628D0CC78007CD66A /* Milestone(Day59).app */,
			);
			name = Products;
			sourceTree = "<group>";
		};
		304E37C828D0CC78007CD66A /* Milestone(Day59) */ = {
			isa = PBXGroup;
			children = (
				304E37C928D0CC78007CD66A /* AppDelegate.swift */,
				304E37CB28D0CC78007CD66A /* SceneDelegate.swift */,
				304E37CD28D0CC78007CD66A /* ViewController.swift */,
				307C7F6F28D30B9D00DCCC36 /* News.swift */,
				307C7F7128D30BD000DCCC36 /* Feed.swift */,
				307C7F7328D30CF000DCCC36 /* Source.swift */,
				304E37CF28D0CC78007CD66A /* Main.storyboard */,
				304E37D228D0CC79007CD66A /* Assets.xcassets */,
				304E37D428D0CC79007CD66A /* LaunchScreen.storyboard */,
				304E37D728D0CC79007CD66A /* Info.plist */,
			);
			path = "Milestone(Day59)";
			sourceTree = "<group>";
		};
/* End PBXGroup section */

/* Begin PBXNativeTarget section */
		304E37C528D0CC78007CD66A /* Milestone(Day59) */ = {
			isa = PBXNativeTarget;
			buildConfigurationList = 304E37DA28D0CC79007CD66A /* Build configuration list for PBXNativeTarget "Milestone(Day59)" */;
			buildPhases = (
				304E37C228D0CC78007CD66A /* Sources */,
				304E37C328D0CC78007CD66A /* Frameworks */,
				304E37C428D0CC78007CD66A /* Resources */,
			);
			buildRules = (
			);
			dependencies = (
			);
			name = "Milestone(Day59)";
			productName = "Milestone(Day59)";
			productReference = 304E37C628D0CC78007CD66A /* Milestone(Day59).app */;
			productType = "com.apple.product-type.application";
		};
/* End PBXNativeTarget section */

/* Begin PBXProject section */
		304E37BE28D0CC78007CD66A /* Project object */ = {
			isa = PBXProject;
			attributes = {
				BuildIndependentTargetsInParallel = 1;
				LastSwiftUpdateCheck = 1340;
				LastUpgradeCheck = 1340;
				TargetAttributes = {
					304E37C528D0CC78007CD66A = {
						CreatedOnToolsVersion = 13.4.1;
					};
				};
			};
			buildConfigurationList = 304E37C128D0CC78007CD66A /* Build configuration list for PBXProject "Milestone(Day59)" */;
			compatibilityVersion = "Xcode 13.0";
			developmentRegion = en;
			hasScannedForEncodings = 0;
			knownRegions = (
				en,
				Base,
			);
			mainGroup = 304E37BD28D0CC78007CD66A;
			productRefGroup = 304E37C728D0CC78007CD66A /* Products */;
			projectDirPath = "";
			projectRoot = "";
			targets = (
				304E37C528D0CC78007CD66A /* Milestone(Day59) */,
			);
		};
/* End PBXProject section */

/* Begin PBXResourcesBuildPhase section */
		304E37C428D0CC78007CD66A /* Resources */ = {
			isa = PBXResourcesBuildPhase;
			buildActionMask = 2147483647;
			files = (
				304E37D628D0CC79007CD66A /* LaunchScreen.storyboard in Resources */,
				304E37D328D0CC79007CD66A /* Assets.xcassets in Resources */,
				304E37D128D0CC78007CD66A /* Main.storyboard in Resources */,
			);
			runOnlyForDeploymentPostprocessing = 0;
		};
/* End PBXResourcesBuildPhase section */

/* Begin PBXSourcesBuildPhase section */
		304E37C228D0CC78007CD66A /* Sources */ = {
			isa = PBXSourcesBuildPhase;
			buildActionMask = 2147483647;
			files = (
				304E37CE28D0CC78007CD66A /* ViewController.swift in Sources */,
				307C7F7228D30BD000DCCC36 /* Feed.swift in Sources */,
				307C7F7428D30CF000DCCC36 /* Source.swift in Sources */,
				304E37CA28D0CC78007CD66A /* AppDelegate.swift in Sources */,
				307C7F7028D30B9D00DCCC36 /* News.swift in Sources */,
				304E37CC28D0CC78007CD66A /* SceneDelegate.swift in Sources */,
			);
			runOnlyForDeploymentPostprocessing = 0;
		};
/* End PBXSourcesBuildPhase section */

/* Begin PBXVariantGroup section */
		304E37CF28D0CC78007CD66A /* Main.storyboard */ = {
			isa = PBXVariantGroup;
			children = (
				304E37D028D0CC78007CD66A /* Base */,
			);
			name = Main.storyboard;
			sourceTree = "<group>";
		};
		304E37D428D0CC79007CD66A /* LaunchScreen.storyboard */ = {
			isa = PBXVariantGroup;
			children = (
				304E37D528D0CC79007CD66A /* Base */,
			);
			name = LaunchScreen.storyboard;
			sourceTree = "<group>";
		};
/* End PBXVariantGroup section */

/* Begin XCBuildConfiguration section */
		304E37D828D0CC79007CD66A /* Debug */ = {
			isa = XCBuildConfiguration;
			buildSettings = {
				ALWAYS_SEARCH_USER_PATHS = NO;
				CLANG_ANALYZER_NONNULL = YES;
				CLANG_ANALYZER_NUMBER_OBJECT_CONVERSION = YES_AGGRESSIVE;
				CLANG_CXX_LANGUAGE_STANDARD = "gnu++17";
				CLANG_ENABLE_MODULES = YES;
				CLANG_ENABLE_OBJC_ARC = YES;
				CLANG_ENABLE_OBJC_WEAK = YES;
				CLANG_WARN_BLOCK_CAPTURE_AUTORELEASING = YES;
				CLANG_WARN_BOOL_CONVERSION = YES;
				CLANG_WARN_COMMA = YES;
				CLANG_WARN_CONSTANT_CONVERSION = YES;
				CLANG_WARN_DEPRECATED_OBJC_IMPLEMENTATIONS = YES;
				CLANG_WARN_DIRECT_OBJC_ISA_USAGE = YES_ERROR;
				CLANG_WARN_DOCUMENTATION_COMMENTS = YES;
				CLANG_WARN_EMPTY_BODY = YES;
				CLANG_WARN_ENUM_CONVERSION = YES;
				CLANG_WARN_INFINITE_RECURSION = YES;
				CLANG_WARN_INT_CONVERSION = YES;
				CLANG_WARN_NON_LITERAL_NULL_CONVERSION = YES;
				CLANG_WARN_OBJC_IMPLICIT_RETAIN_SELF = YES;
				CLANG_WARN_OBJC_LITERAL_CONVERSION = YES;
				CLANG_WARN_OBJC_ROOT_CLASS = YES_ERROR;
				CLANG_WARN_QUOTED_INCLUDE_IN_FRAMEWORK_HEADER = YES;
				CLANG_WARN_RANGE_LOOP_ANALYSIS = YES;
				CLANG_WARN_STRICT_PROTOTYPES = YES;
				CLANG_WARN_SUSPICIOUS_MOVE = YES;
				CLANG_WARN_UNGUARDED_AVAILABILITY = YES_AGGRESSIVE;
				CLANG_WARN_UNREACHABLE_CODE = YES;
				CLANG_WARN__DUPLICATE_METHOD_MATCH = YES;
				COPY_PHASE_STRIP = NO;
				DEBUG_INFORMATION_FORMAT = dwarf;
				ENABLE_STRICT_OBJC_MSGSEND = YES;
				ENABLE_TESTABILITY = YES;
				GCC_C_LANGUAGE_STANDARD = gnu11;
				GCC_DYNAMIC_NO_PIC = NO;
				GCC_NO_COMMON_BLOCKS = YES;
				GCC_OPTIMIZATION_LEVEL = 0;
				GCC_PREPROCESSOR_DEFINITIONS = (
					"DEBUG=1",
					"$(inherited)",
				);
				GCC_WARN_64_TO_32_BIT_CONVERSION = YES;
				GCC_WARN_ABOUT_RETURN_TYPE = YES_ERROR;
				GCC_WARN_UNDECLARED_SELECTOR = YES;
				GCC_WARN_UNINITIALIZED_AUTOS = YES_AGGRESSIVE;
				GCC_WARN_UNUSED_FUNCTION = YES;
				GCC_WARN_UNUSED_VARIABLE = YES;
				IPHONEOS_DEPLOYMENT_TARGET = 15.5;
				MTL_ENABLE_DEBUG_INFO = INCLUDE_SOURCE;
				MTL_FAST_MATH = YES;
				ONLY_ACTIVE_ARCH = YES;
				SDKROOT = iphoneos;
				SWIFT_ACTIVE_COMPILATION_CONDITIONS = DEBUG;
				SWIFT_OPTIMIZATION_LEVEL = "-Onone";
			};
			name = Debug;
		};
		304E37D928D0CC79007CD66A /* Release */ = {
			isa = XCBuildConfiguration;
			buildSettings = {
				ALWAYS_SEARCH_USER_PATHS = NO;
				CLANG_ANALYZER_NONNULL = YES;
				CLANG_ANALYZER_NUMBER_OBJECT_CONVERSION = YES_AGGRESSIVE;
				CLANG_CXX_LANGUAGE_STANDARD = "gnu++17";
				CLANG_ENABLE_MODULES = YES;
				CLANG_ENABLE_OBJC_ARC = YES;
				CLANG_ENABLE_OBJC_WEAK = YES;
				CLANG_WARN_BLOCK_CAPTURE_AUTORELEASING = YES;
				CLANG_WARN_BOOL_CONVERSION = YES;
				CLANG_WARN_COMMA = YES;
				CLANG_WARN_CONSTANT_CONVERSION = YES;
				CLANG_WARN_DEPRECATED_OBJC_IMPLEMENTATIONS = YES;
				CLANG_WARN_DIRECT_OBJC_ISA_USAGE = YES_ERROR;
				CLANG_WARN_DOCUMENTATION_COMMENTS = YES;
				CLANG_WARN_EMPTY_BODY = YES;
				CLANG_WARN_ENUM_CONVERSION = YES;
				CLANG_WARN_INFINITE_RECURSION = YES;
				CLANG_WARN_INT_CONVERSION = YES;
				CLANG_WARN_NON_LITERAL_NULL_CONVERSION = YES;
				CLANG_WARN_OBJC_IMPLICIT_RETAIN_SELF = YES;
				CLANG_WARN_OBJC_LITERAL_CONVERSION = YES;
				CLANG_WARN_OBJC_ROOT_CLASS = YES_ERROR;
				CLANG_WARN_QUOTED_INCLUDE_IN_FRAMEWORK_HEADER = YES;
				CLANG_WARN_RANGE_LOOP_ANALYSIS = YES;
				CLANG_WARN_STRICT_PROTOTYPES = YES;
				CLANG_WARN_SUSPICIOUS_MOVE = YES;
				CLANG_WARN_UNGUARDED_AVAILABILITY = YES_AGGRESSIVE;
				CLANG_WARN_UNREACHABLE_CODE = YES;
				CLANG_WARN__DUPLICATE_METHOD_MATCH = YES;
				COPY_PHASE_STRIP = NO;
				DEBUG_INFORMATION_FORMAT = "dwarf-with-dsym";
				ENABLE_NS_ASSERTIONS = NO;
				ENABLE_STRICT_OBJC_MSGSEND = YES;
				GCC_C_LANGUAGE_STANDARD = gnu11;
				GCC_NO_COMMON_BLOCKS = YES;
				GCC_WARN_64_TO_32_BIT_CONVERSION = YES;
				GCC_WARN_ABOUT_RETURN_TYPE = YES_ERROR;
				GCC_WARN_UNDECLARED_SELECTOR = YES;
				GCC_WARN_UNINITIALIZED_AUTOS = YES_AGGRESSIVE;
				GCC_WARN_UNUSED_FUNCTION = YES;
				GCC_WARN_UNUSED_VARIABLE = YES;
				IPHONEOS_DEPLOYMENT_TARGET = 15.5;
				MTL_ENABLE_DEBUG_INFO = NO;
				MTL_FAST_MATH = YES;
				SDKROOT = iphoneos;
				SWIFT_COMPILATION_MODE = wholemodule;
				SWIFT_OPTIMIZATION_LEVEL = "-O";
				VALIDATE_PRODUCT = YES;
			};
			name = Release;
		};
		304E37DB28D0CC79007CD66A /* Debug */ = {
			isa = XCBuildConfiguration;
			buildSettings = {
				ASSETCATALOG_COMPILER_APPICON_NAME = AppIcon;
				ASSETCATALOG_COMPILER_GLOBAL_ACCENT_COLOR_NAME = AccentColor;
				CODE_SIGN_STYLE = Automatic;
				CURRENT_PROJECT_VERSION = 1;
				DEVELOPMENT_TEAM = 9LVS298S7R;
				GENERATE_INFOPLIST_FILE = YES;
				INFOPLIST_FILE = "Milestone(Day59)/Info.plist";
				INFOPLIST_KEY_UIApplicationSupportsIndirectInputEvents = YES;
				INFOPLIST_KEY_UILaunchStoryboardName = LaunchScreen;
				INFOPLIST_KEY_UIMainStoryboardFile = Main;
				INFOPLIST_KEY_UISupportedInterfaceOrientations_iPad = "UIInterfaceOrientationPortrait UIInterfaceOrientationPortraitUpsideDown UIInterfaceOrientationLandscapeLeft UIInterfaceOrientationLandscapeRight";
				INFOPLIST_KEY_UISupportedInterfaceOrientations_iPhone = "UIInterfaceOrientationPortrait UIInterfaceOrientationLandscapeLeft UIInterfaceOrientationLandscapeRight";
				LD_RUNPATH_SEARCH_PATHS = (
					"$(inherited)",
					"@executable_path/Frameworks",
				);
				MARKETING_VERSION = 1.0;
				PRODUCT_BUNDLE_IDENTIFIER = "Nukte.Milestone-Day59-";
				PRODUCT_NAME = "$(TARGET_NAME)";
				SWIFT_EMIT_LOC_STRINGS = YES;
				SWIFT_VERSION = 5.0;
				TARGETED_DEVICE_FAMILY = "1,2";
			};
			name = Debug;
		};
		304E37DC28D0CC79007CD66A /* Release */ = {
			isa = XCBuildConfiguration;
			buildSettings = {
				ASSETCATALOG_COMPILER_APPICON_NAME = AppIcon;
				ASSETCATALOG_COMPILER_GLOBAL_ACCENT_COLOR_NAME = AccentColor;
				CODE_SIGN_STYLE = Automatic;
				CURRENT_PROJECT_VERSION = 1;
				DEVELOPMENT_TEAM = 9LVS298S7R;
				GENERATE_INFOPLIST_FILE = YES;
				INFOPLIST_FILE = "Milestone(Day59)/Info.plist";
				INFOPLIST_KEY_UIApplicationSupportsIndirectInputEvents = YES;
				INFOPLIST_KEY_UILaunchStoryboardName = LaunchScreen;
				INFOPLIST_KEY_UIMainStoryboardFile = Main;
				INFOPLIST_KEY_UISupportedInterfaceOrientations_iPad = "UIInterfaceOrientationPortrait UIInterfaceOrientationPortraitUpsideDown UIInterfaceOrientationLandscapeLeft UIInterfaceOrientationLandscapeRight";
				INFOPLIST_KEY_UISupportedInterfaceOrientations_iPhone = "UIInterfaceOrientationPortrait UIInterfaceOrientationLandscapeLeft UIInterfaceOrientationLandscapeRight";
				LD_RUNPATH_SEARCH_PATHS = (
					"$(inherited)",
					"@executable_path/Frameworks",
				);
				MARKETING_VERSION = 1.0;
				PRODUCT_BUNDLE_IDENTIFIER = "Nukte.Milestone-Day59-";
				PRODUCT_NAME = "$(TARGET_NAME)";
				SWIFT_EMIT_LOC_STRINGS = YES;
				SWIFT_VERSION = 5.0;
				TARGETED_DEVICE_FAMILY = "1,2";
			};
			name = Release;
		};
/* End XCBuildConfiguration section */

/* Begin XCConfigurationList section */
		304E37C128D0CC78007CD66A /* Build configuration list for PBXProject "Milestone(Day59)" */ = {
			isa = XCConfigurationList;
			buildConfigurations = (
				304E37D828D0CC79007CD66A /* Debug */,
				304E37D928D0CC79007CD66A /* Release */,
			);
			defaultConfigurationIsVisible = 0;
			defaultConfigurationName = Release;
		};
		304E37DA28D0CC79007CD66A /* Build configuration list for PBXNativeTarget "Milestone(Day59)" */ = {
			isa = XCConfigurationList;
			buildConfigurations = (
				304E37DB28D0CC79007CD66A /* Debug */,
				304E37DC28D0CC79007CD66A /* Release */,
			);
			defaultConfigurationIsVisible = 0;
			defaultConfigurationName = Release;
		};
/* End XCConfigurationList section */
	};
	rootObject = 304E37BE28D0CC78007CD66A /* Project object */;
}
