// !$*UTF8*$!
{
	archiveVersion = 1;
	classes = {
	};
	objectVersion = 55;
	objects = {

/* Begin PBXBuildFile section */
		301AF3A028C9B0AC00DEC889 /* AppDelegate.swift in Sources */ = {isa = PBXBuildFile; fileRef = 301AF39F28C9B0AC00DEC889 /* AppDelegate.swift */; };
		301AF3A228C9B0AC00DEC889 /* SceneDelegate.swift in Sources */ = {isa = PBXBuildFile; fileRef = 301AF3A128C9B0AC00DEC889 /* SceneDelegate.swift */; };
		301AF3A428C9B0AC00DEC889 /* ViewController.swift in Sources */ = {isa = PBXBuildFile; fileRef = 301AF3A328C9B0AC00DEC889 /* ViewController.swift */; };
		301AF3A728C9B0AC00DEC889 /* Main.storyboard in Resources */ = {isa = PBXBuildFile; fileRef = 301AF3A528C9B0AC00DEC889 /* Main.storyboard */; };
		301AF3A928C9B0AC00DEC889 /* Assets.xcassets in Resources */ = {isa = PBXBuildFile; fileRef = 301AF3A828C9B0AC00DEC889 /* Assets.xcassets */; };
		301AF3AC28C9B0AC00DEC889 /* LaunchScreen.storyboard in Resources */ = {isa = PBXBuildFile; fileRef = 301AF3AA28C9B0AC00DEC889 /* LaunchScreen.storyboard */; };
		301AF3B428C9B22900DEC889 /* ImageCell.swift in Sources */ = {isa = PBXBuildFile; fileRef = 301AF3B328C9B22900DEC889 /* ImageCell.swift */; };
		3072B52628C9B6F400581A61 /* imageCellData.swift in Sources */ = {isa = PBXBuildFile; fileRef = 3072B52528C9B6F400581A61 /* imageCellData.swift */; };
		3072B52828C9CF1400581A61 /* DetailViewController.swift in Sources */ = {isa = PBXBuildFile; fileRef = 3072B52728C9CF1400581A61 /* DetailViewController.swift */; };
/* End PBXBuildFile section */

/* Begin PBXFileReference section */
		301AF39C28C9B0AC00DEC889 /* Milsetone Day 50.app */ = {isa = PBXFileReference; explicitFileType = wrapper.application; includeInIndex = 0; path = "Milsetone Day 50.app"; sourceTree = BUILT_PRODUCTS_DIR; };
		301AF39F28C9B0AC00DEC889 /* AppDelegate.swift */ = {isa = PBXFileReference; lastKnownFileType = sourcecode.swift; path = AppDelegate.swift; sourceTree = "<group>"; };
		301AF3A128C9B0AC00DEC889 /* SceneDelegate.swift */ = {isa = PBXFileReference; lastKnownFileType = sourcecode.swift; path = SceneDelegate.swift; sourceTree = "<group>"; };
		301AF3A328C9B0AC00DEC889 /* ViewController.swift */ = {isa = PBXFileReference; lastKnownFileType = sourcecode.swift; path = ViewController.swift; sourceTree = "<group>"; };
		301AF3A628C9B0AC00DEC889 /* Base */ = {isa = PBXFileReference; lastKnownFileType = file.storyboard; name = Base; path = Base.lproj/Main.storyboard; sourceTree = "<group>"; };
		301AF3A828C9B0AC00DEC889 /* Assets.xcassets */ = {isa = PBXFileReference; lastKnownFileType = folder.assetcatalog; path = Assets.xcassets; sourceTree = "<group>"; };
		301AF3AB28C9B0AC00DEC889 /* Base */ = {isa = PBXFileReference; lastKnownFileType = file.storyboard; name = Base; path = Base.lproj/LaunchScreen.storyboard; sourceTree = "<group>"; };
		301AF3AD28C9B0AC00DEC889 /* Info.plist */ = {isa = PBXFileReference; lastKnownFileType = text.plist.xml; path = Info.plist; sourceTree = "<group>"; };
		301AF3B328C9B22900DEC889 /* ImageCell.swift */ = {isa = PBXFileReference; lastKnownFileType = sourcecode.swift; path = ImageCell.swift; sourceTree = "<group>"; };
		3072B52528C9B6F400581A61 /* imageCellData.swift */ = {isa = PBXFileReference; lastKnownFileType = sourcecode.swift; path = imageCellData.swift; sourceTree = "<group>"; };
		3072B52728C9CF1400581A61 /* DetailViewController.swift */ = {isa = PBXFileReference; lastKnownFileType = sourcecode.swift; path = DetailViewController.swift; sourceTree = "<group>"; };
/* End PBXFileReference section */

/* Begin PBXFrameworksBuildPhase section */
		301AF39928C9B0AC00DEC889 /* Frameworks */ = {
			isa = PBXFrameworksBuildPhase;
			buildActionMask = 2147483647;
			files = (
			);
			runOnlyForDeploymentPostprocessing = 0;
		};
/* End PBXFrameworksBuildPhase section */

/* Begin PBXGroup section */
		301AF39328C9B0AC00DEC889 = {
			isa = PBXGroup;
			children = (
				301AF39E28C9B0AC00DEC889 /* Milsetone Day 50 */,
				301AF39D28C9B0AC00DEC889 /* Products */,
			);
			sourceTree = "<group>";
		};
		301AF39D28C9B0AC00DEC889 /* Products */ = {
			isa = PBXGroup;
			children = (
				301AF39C28C9B0AC00DEC889 /* Milsetone Day 50.app */,
			);
			name = Products;
			sourceTree = "<group>";
		};
		301AF39E28C9B0AC00DEC889 /* Milsetone Day 50 */ = {
			isa = PBXGroup;
			children = (
				301AF39F28C9B0AC00DEC889 /* AppDelegate.swift */,
				301AF3A128C9B0AC00DEC889 /* SceneDelegate.swift */,
				301AF3A328C9B0AC00DEC889 /* ViewController.swift */,
				3072B52728C9CF1400581A61 /* DetailViewController.swift */,
				3072B52528C9B6F400581A61 /* imageCellData.swift */,
				301AF3B328C9B22900DEC889 /* ImageCell.swift */,
				301AF3A528C9B0AC00DEC889 /* Main.storyboard */,
				301AF3A828C9B0AC00DEC889 /* Assets.xcassets */,
				301AF3AA28C9B0AC00DEC889 /* LaunchScreen.storyboard */,
				301AF3AD28C9B0AC00DEC889 /* Info.plist */,
			);
			path = "Milsetone Day 50";
			sourceTree = "<group>";
		};
/* End PBXGroup section */

/* Begin PBXNativeTarget section */
		301AF39B28C9B0AC00DEC889 /* Milsetone Day 50 */ = {
			isa = PBXNativeTarget;
			buildConfigurationList = 301AF3B028C9B0AC00DEC889 /* Build configuration list for PBXNativeTarget "Milsetone Day 50" */;
			buildPhases = (
				301AF39828C9B0AC00DEC889 /* Sources */,
				301AF39928C9B0AC00DEC889 /* Frameworks */,
				301AF39A28C9B0AC00DEC889 /* Resources */,
			);
			buildRules = (
			);
			dependencies = (
			);
			name = "Milsetone Day 50";
			productName = "Milsetone Day 50";
			productReference = 301AF39C28C9B0AC00DEC889 /* Milsetone Day 50.app */;
			productType = "com.apple.product-type.application";
		};
/* End PBXNativeTarget section */

/* Begin PBXProject section */
		301AF39428C9B0AC00DEC889 /* Project object */ = {
			isa = PBXProject;
			attributes = {
				BuildIndependentTargetsInParallel = 1;
				LastSwiftUpdateCheck = 1340;
				LastUpgradeCheck = 1340;
				TargetAttributes = {
					301AF39B28C9B0AC00DEC889 = {
						CreatedOnToolsVersion = 13.4.1;
					};
				};
			};
			buildConfigurationList = 301AF39728C9B0AC00DEC889 /* Build configuration list for PBXProject "Milsetone Day 50" */;
			compatibilityVersion = "Xcode 13.0";
			developmentRegion = en;
			hasScannedForEncodings = 0;
			knownRegions = (
				en,
				Base,
			);
			mainGroup = 301AF39328C9B0AC00DEC889;
			productRefGroup = 301AF39D28C9B0AC00DEC889 /* Products */;
			projectDirPath = "";
			projectRoot = "";
			targets = (
				301AF39B28C9B0AC00DEC889 /* Milsetone Day 50 */,
			);
		};
/* End PBXProject section */

/* Begin PBXResourcesBuildPhase section */
		301AF39A28C9B0AC00DEC889 /* Resources */ = {
			isa = PBXResourcesBuildPhase;
			buildActionMask = 2147483647;
			files = (
				301AF3AC28C9B0AC00DEC889 /* LaunchScreen.storyboard in Resources */,
				301AF3A928C9B0AC00DEC889 /* Assets.xcassets in Resources */,
				301AF3A728C9B0AC00DEC889 /* Main.storyboard in Resources */,
			);
			runOnlyForDeploymentPostprocessing = 0;
		};
/* End PBXResourcesBuildPhase section */

/* Begin PBXSourcesBuildPhase section */
		301AF39828C9B0AC00DEC889 /* Sources */ = {
			isa = PBXSourcesBuildPhase;
			buildActionMask = 2147483647;
			files = (
				3072B52628C9B6F400581A61 /* imageCellData.swift in Sources */,
				301AF3A428C9B0AC00DEC889 /* ViewController.swift in Sources */,
				301AF3B428C9B22900DEC889 /* ImageCell.swift in Sources */,
				3072B52828C9CF1400581A61 /* DetailViewController.swift in Sources */,
				301AF3A028C9B0AC00DEC889 /* AppDelegate.swift in Sources */,
				301AF3A228C9B0AC00DEC889 /* SceneDelegate.swift in Sources */,
			);
			runOnlyForDeploymentPostprocessing = 0;
		};
/* End PBXSourcesBuildPhase section */

/* Begin PBXVariantGroup section */
		301AF3A528C9B0AC00DEC889 /* Main.storyboard */ = {
			isa = PBXVariantGroup;
			children = (
				301AF3A628C9B0AC00DEC889 /* Base */,
			);
			name = Main.storyboard;
			sourceTree = "<group>";
		};
		301AF3AA28C9B0AC00DEC889 /* LaunchScreen.storyboard */ = {
			isa = PBXVariantGroup;
			children = (
				301AF3AB28C9B0AC00DEC889 /* Base */,
			);
			name = LaunchScreen.storyboard;
			sourceTree = "<group>";
		};
/* End PBXVariantGroup section */

/* Begin XCBuildConfiguration section */
		301AF3AE28C9B0AC00DEC889 /* Debug */ = {
			isa = XCBuildConfiguration;
			buildSettings = {
				ALWAYS_SEARCH_USER_PATHS = NO;
				CLANG_ANALYZER_NONNULL = YES;
				CLANG_ANALYZER_NUMBER_OBJECT_CONVERSION = YES_AGGRESSIVE;
				CLANG_CXX_LANGUAGE_STANDARD = "gnu++17";
				CLANG_ENABLE_MODULES = YES;
				CLANG_ENABLE_OBJC_ARC = YES;
				CLANG_ENABLE_OBJC_WEAK = YES;
				CLANG_WARN_BLOCK_CAPTURE_AUTORELEASING = YES;
				CLANG_WARN_BOOL_CONVERSION = YES;
				CLANG_WARN_COMMA = YES;
				CLANG_WARN_CONSTANT_CONVERSION = YES;
				CLANG_WARN_DEPRECATED_OBJC_IMPLEMENTATIONS = YES;
				CLANG_WARN_DIRECT_OBJC_ISA_USAGE = YES_ERROR;
				CLANG_WARN_DOCUMENTATION_COMMENTS = YES;
				CLANG_WARN_EMPTY_BODY = YES;
				CLANG_WARN_ENUM_CONVERSION = YES;
				CLANG_WARN_INFINITE_RECURSION = YES;
				CLANG_WARN_INT_CONVERSION = YES;
				CLANG_WARN_NON_LITERAL_NULL_CONVERSION = YES;
				CLANG_WARN_OBJC_IMPLICIT_RETAIN_SELF = YES;
				CLANG_WARN_OBJC_LITERAL_CONVERSION = YES;
				CLANG_WARN_OBJC_ROOT_CLASS = YES_ERROR;
				CLANG_WARN_QUOTED_INCLUDE_IN_FRAMEWORK_HEADER = YES;
				CLANG_WARN_RANGE_LOOP_ANALYSIS = YES;
				CLANG_WARN_STRICT_PROTOTYPES = YES;
				CLANG_WARN_SUSPICIOUS_MOVE = YES;
				CLANG_WARN_UNGUARDED_AVAILABILITY = YES_AGGRESSIVE;
				CLANG_WARN_UNREACHABLE_CODE = YES;
				CLANG_WARN__DUPLICATE_METHOD_MATCH = YES;
				COPY_PHASE_STRIP = NO;
				DEBUG_INFORMATION_FORMAT = dwarf;
				ENABLE_STRICT_OBJC_MSGSEND = YES;
				ENABLE_TESTABILITY = YES;
				GCC_C_LANGUAGE_STANDARD = gnu11;
				GCC_DYNAMIC_NO_PIC = NO;
				GCC_NO_COMMON_BLOCKS = YES;
				GCC_OPTIMIZATION_LEVEL = 0;
				GCC_PREPROCESSOR_DEFINITIONS = (
					"DEBUG=1",
					"$(inherited)",
				);
				GCC_WARN_64_TO_32_BIT_CONVERSION = YES;
				GCC_WARN_ABOUT_RETURN_TYPE = YES_ERROR;
				GCC_WARN_UNDECLARED_SELECTOR = YES;
				GCC_WARN_UNINITIALIZED_AUTOS = YES_AGGRESSIVE;
				GCC_WARN_UNUSED_FUNCTION = YES;
				GCC_WARN_UNUSED_VARIABLE = YES;
				IPHONEOS_DEPLOYMENT_TARGET = 15.5;
				MTL_ENABLE_DEBUG_INFO = INCLUDE_SOURCE;
				MTL_FAST_MATH = YES;
				ONLY_ACTIVE_ARCH = YES;
				SDKROOT = iphoneos;
				SWIFT_ACTIVE_COMPILATION_CONDITIONS = DEBUG;
				SWIFT_OPTIMIZATION_LEVEL = "-Onone";
			};
			name = Debug;
		};
		301AF3AF28C9B0AC00DEC889 /* Release */ = {
			isa = XCBuildConfiguration;
			buildSettings = {
				ALWAYS_SEARCH_USER_PATHS = NO;
				CLANG_ANALYZER_NONNULL = YES;
				CLANG_ANALYZER_NUMBER_OBJECT_CONVERSION = YES_AGGRESSIVE;
				CLANG_CXX_LANGUAGE_STANDARD = "gnu++17";
				CLANG_ENABLE_MODULES = YES;
				CLANG_ENABLE_OBJC_ARC = YES;
				CLANG_ENABLE_OBJC_WEAK = YES;
				CLANG_WARN_BLOCK_CAPTURE_AUTORELEASING = YES;
				CLANG_WARN_BOOL_CONVERSION = YES;
				CLANG_WARN_COMMA = YES;
				CLANG_WARN_CONSTANT_CONVERSION = YES;
				CLANG_WARN_DEPRECATED_OBJC_IMPLEMENTATIONS = YES;
				CLANG_WARN_DIRECT_OBJC_ISA_USAGE = YES_ERROR;
				CLANG_WARN_DOCUMENTATION_COMMENTS = YES;
				CLANG_WARN_EMPTY_BODY = YES;
				CLANG_WARN_ENUM_CONVERSION = YES;
				CLANG_WARN_INFINITE_RECURSION = YES;
				CLANG_WARN_INT_CONVERSION = YES;
				CLANG_WARN_NON_LITERAL_NULL_CONVERSION = YES;
				CLANG_WARN_OBJC_IMPLICIT_RETAIN_SELF = YES;
				CLANG_WARN_OBJC_LITERAL_CONVERSION = YES;
				CLANG_WARN_OBJC_ROOT_CLASS = YES_ERROR;
				CLANG_WARN_QUOTED_INCLUDE_IN_FRAMEWORK_HEADER = YES;
				CLANG_WARN_RANGE_LOOP_ANALYSIS = YES;
				CLANG_WARN_STRICT_PROTOTYPES = YES;
				CLANG_WARN_SUSPICIOUS_MOVE = YES;
				CLANG_WARN_UNGUARDED_AVAILABILITY = YES_AGGRESSIVE;
				CLANG_WARN_UNREACHABLE_CODE = YES;
				CLANG_WARN__DUPLICATE_METHOD_MATCH = YES;
				COPY_PHASE_STRIP = NO;
				DEBUG_INFORMATION_FORMAT = "dwarf-with-dsym";
				ENABLE_NS_ASSERTIONS = NO;
				ENABLE_STRICT_OBJC_MSGSEND = YES;
				GCC_C_LANGUAGE_STANDARD = gnu11;
				GCC_NO_COMMON_BLOCKS = YES;
				GCC_WARN_64_TO_32_BIT_CONVERSION = YES;
				GCC_WARN_ABOUT_RETURN_TYPE = YES_ERROR;
				GCC_WARN_UNDECLARED_SELECTOR = YES;
				GCC_WARN_UNINITIALIZED_AUTOS = YES_AGGRESSIVE;
				GCC_WARN_UNUSED_FUNCTION = YES;
				GCC_WARN_UNUSED_VARIABLE = YES;
				IPHONEOS_DEPLOYMENT_TARGET = 15.5;
				MTL_ENABLE_DEBUG_INFO = NO;
				MTL_FAST_MATH = YES;
				SDKROOT = iphoneos;
				SWIFT_COMPILATION_MODE = wholemodule;
				SWIFT_OPTIMIZATION_LEVEL = "-O";
				VALIDATE_PRODUCT = YES;
			};
			name = Release;
		};
		301AF3B128C9B0AC00DEC889 /* Debug */ = {
			isa = XCBuildConfiguration;
			buildSettings = {
				ASSETCATALOG_COMPILER_APPICON_NAME = AppIcon;
				ASSETCATALOG_COMPILER_GLOBAL_ACCENT_COLOR_NAME = AccentColor;
				CODE_SIGN_STYLE = Automatic;
				CURRENT_PROJECT_VERSION = 1;
				DEVELOPMENT_TEAM = 9LVS298S7R;
				GENERATE_INFOPLIST_FILE = YES;
				INFOPLIST_FILE = "Milsetone Day 50/Info.plist";
				INFOPLIST_KEY_UIApplicationSupportsIndirectInputEvents = YES;
				INFOPLIST_KEY_UILaunchStoryboardName = LaunchScreen;
				INFOPLIST_KEY_UIMainStoryboardFile = Main;
				INFOPLIST_KEY_UISupportedInterfaceOrientations_iPad = "UIInterfaceOrientationPortrait UIInterfaceOrientationPortraitUpsideDown UIInterfaceOrientationLandscapeLeft UIInterfaceOrientationLandscapeRight";
				INFOPLIST_KEY_UISupportedInterfaceOrientations_iPhone = "UIInterfaceOrientationPortrait UIInterfaceOrientationLandscapeLeft UIInterfaceOrientationLandscapeRight";
				LD_RUNPATH_SEARCH_PATHS = (
					"$(inherited)",
					"@executable_path/Frameworks",
				);
				MARKETING_VERSION = 1.0;
				PRODUCT_BUNDLE_IDENTIFIER = "Nukte.Milsetone-Day-50";
				PRODUCT_NAME = "$(TARGET_NAME)";
				SWIFT_EMIT_LOC_STRINGS = YES;
				SWIFT_VERSION = 5.0;
				TARGETED_DEVICE_FAMILY = "1,2";
			};
			name = Debug;
		};
		301AF3B228C9B0AC00DEC889 /* Release */ = {
			isa = XCBuildConfiguration;
			buildSettings = {
				ASSETCATALOG_COMPILER_APPICON_NAME = AppIcon;
				ASSETCATALOG_COMPILER_GLOBAL_ACCENT_COLOR_NAME = AccentColor;
				CODE_SIGN_STYLE = Automatic;
				CURRENT_PROJECT_VERSION = 1;
				DEVELOPMENT_TEAM = 9LVS298S7R;
				GENERATE_INFOPLIST_FILE = YES;
				INFOPLIST_FILE = "Milsetone Day 50/Info.plist";
				INFOPLIST_KEY_UIApplicationSupportsIndirectInputEvents = YES;
				INFOPLIST_KEY_UILaunchStoryboardName = LaunchScreen;
				INFOPLIST_KEY_UIMainStoryboardFile = Main;
				INFOPLIST_KEY_UISupportedInterfaceOrientations_iPad = "UIInterfaceOrientationPortrait UIInterfaceOrientationPortraitUpsideDown UIInterfaceOrientationLandscapeLeft UIInterfaceOrientationLandscapeRight";
				INFOPLIST_KEY_UISupportedInterfaceOrientations_iPhone = "UIInterfaceOrientationPortrait UIInterfaceOrientationLandscapeLeft UIInterfaceOrientationLandscapeRight";
				LD_RUNPATH_SEARCH_PATHS = (
					"$(inherited)",
					"@executable_path/Frameworks",
				);
				MARKETING_VERSION = 1.0;
				PRODUCT_BUNDLE_IDENTIFIER = "Nukte.Milsetone-Day-50";
				PRODUCT_NAME = "$(TARGET_NAME)";
				SWIFT_EMIT_LOC_STRINGS = YES;
				SWIFT_VERSION = 5.0;
				TARGETED_DEVICE_FAMILY = "1,2";
			};
			name = Release;
		};
/* End XCBuildConfiguration section */

/* Begin XCConfigurationList section */
		301AF39728C9B0AC00DEC889 /* Build configuration list for PBXProject "Milsetone Day 50" */ = {
			isa = XCConfigurationList;
			buildConfigurations = (
				301AF3AE28C9B0AC00DEC889 /* Debug */,
				301AF3AF28C9B0AC00DEC889 /* Release */,
			);
			defaultConfigurationIsVisible = 0;
			defaultConfigurationName = Release;
		};
		301AF3B028C9B0AC00DEC889 /* Build configuration list for PBXNativeTarget "Milsetone Day 50" */ = {
			isa = XCConfigurationList;
			buildConfigurations = (
				301AF3B128C9B0AC00DEC889 /* Debug */,
				301AF3B228C9B0AC00DEC889 /* Release */,
			);
			defaultConfigurationIsVisible = 0;
			defaultConfigurationName = Release;
		};
/* End XCConfigurationList section */
	};
	rootObject = 301AF39428C9B0AC00DEC889 /* Project object */;
}
